
Microsoft Visual Studio Solution File, Format Version 12.00
# Visual Studio Version 16
VisualStudioVersion = 16.0.30011.22
MinimumVisualStudioVersion = 10.0.40219.1
Project("{FAE04EC0-301F-11D3-BF4B-00C04F79EFBC}") = "Calkowanie", "Calkowanie\Calkowanie.csproj", "{AF27C712-7F16-4A79-BD80-D1FCF1234516}"
EndProject
Global
	GlobalSection(SolutionConfigurationPlatforms) = preSolution
		Debug|Any CPU = Debug|Any CPU
		Release|Any CPU = Release|Any CPU
	EndGlobalSection
	GlobalSection(ProjectConfigurationPlatforms) = postSolution
		{AF27C712-7F16-4A79-BD80-D1FCF1234516}.Debug|Any CPU.ActiveCfg = Debug|Any CPU
		{AF27C712-7F16-4A79-BD80-D1FCF1234516}.Debug|Any CPU.Build.0 = Debug|Any CPU
		{AF27C712-7F16-4A79-BD80-D1FCF1234516}.Release|Any CPU.ActiveCfg = Release|Any CPU
		{AF27C712-7F16-4A79-BD80-D1FCF1234516}.Release|Any CPU.Build.0 = Release|Any CPU
	EndGlobalSection
	GlobalSection(SolutionProperties) = preSolution
		HideSolutionNode = FALSE
	EndGlobalSection
	GlobalSection(ExtensibilityGlobals) = postSolution
		SolutionGuid = {1537701A-67F0-4B33-8E91-0554CC2BE0CD}
	EndGlobalSection
EndGlobal
